# This file is autogenerated, do not edit; changes may be undone by the next 'dep ensure'.


[[projects]]
  name = "github.com/apex/go-apex"
  packages = ["."]
  revision = "338ee0137bc07a472789968021e66c5df905fc26"
  version = "v1.0.0"

[solve-meta]
  analyzer-name = "dep"
  analyzer-version = 1
  inputs-digest = "7153ab80c405b21ef19a5a5488c94e0853ca28d721fd5746cd3ca40a26cfd680"
  solver-name = "gps-cdcl"
  solver-version = 1
